
Microsoft Visual Studio Solution File, Format Version 12.00
# Visual Studio 15
VisualStudioVersion = 15.0.28307.421
MinimumVisualStudioVersion = 10.0.40219.1
Project("{8BC9CEB8-8B4A-11D0-8D11-00A0C91BC942}") = "CPlus", "CPlus\CPlus.vcxproj", "{13BA213B-719D-4A1F-A4B1-EB7983B49295}"
EndProject
Global
	GlobalSection(SolutionConfigurationPlatforms) = preSolution
		Debug|x64 = Debug|x64
		Debug|x86 = Debug|x86
		Release|x64 = Release|x64
		Release|x86 = Release|x86
	EndGlobalSection
	GlobalSection(ProjectConfigurationPlatforms) = postSolution
		{13BA213B-719D-4A1F-A4B1-EB7983B49295}.Debug|x64.ActiveCfg = Debug|x64
		{13BA213B-719D-4A1F-A4B1-EB7983B49295}.Debug|x64.Build.0 = Debug|x64
		{13BA213B-719D-4A1F-A4B1-EB7983B49295}.Debug|x86.ActiveCfg = Debug|Win32
		{13BA213B-719D-4A1F-A4B1-EB7983B49295}.Debug|x86.Build.0 = Debug|Win32
		{13BA213B-719D-4A1F-A4B1-EB7983B49295}.Release|x64.ActiveCfg = Release|x64
		{13BA213B-719D-4A1F-A4B1-EB7983B49295}.Release|x64.Build.0 = Release|x64
		{13BA213B-719D-4A1F-A4B1-EB7983B49295}.Release|x86.ActiveCfg = Release|Win32
		{13BA213B-719D-4A1F-A4B1-EB7983B49295}.Release|x86.Build.0 = Release|Win32
	EndGlobalSection
	GlobalSection(SolutionProperties) = preSolution
		HideSolutionNode = FALSE
	EndGlobalSection
	GlobalSection(ExtensibilityGlobals) = postSolution
		SolutionGuid = {5A5CBF38-3622-47EE-A865-DBD5E48EEEB7}
	EndGlobalSection
EndGlobal
